
Microsoft Visual Studio Solution File, Format Version 12.00
# Visual Studio Version 17
VisualStudioVersion = 17.0.32014.148
MinimumVisualStudioVersion = 10.0.40219.1
Project("{FAE04EC0-301F-11D3-BF4B-00C04F79EFBC}") = "OOPDemon01", "OOPDemon01\OOPDemon01.csproj", "{609DB26A-F761-43B9-9570-A27019DB886C}"
EndProject
Global
	GlobalSection(SolutionConfigurationPlatforms) = preSolution
		Debug|Any CPU = Debug|Any CPU
		Release|Any CPU = Release|Any CPU
	EndGlobalSection
	GlobalSection(ProjectConfigurationPlatforms) = postSolution
		{609DB26A-F761-43B9-9570-A27019DB886C}.Debug|Any CPU.ActiveCfg = Debug|Any CPU
		{609DB26A-F761-43B9-9570-A27019DB886C}.Debug|Any CPU.Build.0 = Debug|Any CPU
		{609DB26A-F761-43B9-9570-A27019DB886C}.Release|Any CPU.ActiveCfg = Release|Any CPU
		{609DB26A-F761-43B9-9570-A27019DB886C}.Release|Any CPU.Build.0 = Release|Any CPU
	EndGlobalSection
	GlobalSection(SolutionProperties) = preSolution
		HideSolutionNode = FALSE
	EndGlobalSection
	GlobalSection(ExtensibilityGlobals) = postSolution
		SolutionGuid = {B5214B74-555C-42BF-9E66-E2D884BAEF38}
	EndGlobalSection
EndGlobal
